
Microsoft Visual Studio Solution File, Format Version 12.00
# Visual Studio Version 17
VisualStudioVersion = 17.5.33502.453
MinimumVisualStudioVersion = 10.0.40219.1
Project("{9A19103F-16F7-4668-BE54-9A1E7A4F7556}") = "CoursAdoNet", "CoursAdoNet\CoursAdoNet.csproj", "{4B10D3EB-2940-4EED-B351-708052E6C59F}"
EndProject
Project("{9A19103F-16F7-4668-BE54-9A1E7A4F7556}") = "Exercice1", "Exercices\Exercice1.csproj", "{64B341DB-DE96-4449-A24F-9358DB03ADF6}"
EndProject
Project("{9A19103F-16F7-4668-BE54-9A1E7A4F7556}") = "Exercice2", "Exercice2\Exercice2.csproj", "{4E47A6BE-8FC7-4FB2-9B25-B2C76865C42B}"
EndProject
Project("{FAE04EC0-301F-11D3-BF4B-00C04F79EFBC}") = "Exercice3", "Exercice3\Exercice3.csproj", "{8771537B-6C89-4FFA-81B6-1FB3704BE93D}"
EndProject
Global
	GlobalSection(SolutionConfigurationPlatforms) = preSolution
		Debug|Any CPU = Debug|Any CPU
		Release|Any CPU = Release|Any CPU
	EndGlobalSection
	GlobalSection(ProjectConfigurationPlatforms) = postSolution
		{4B10D3EB-2940-4EED-B351-708052E6C59F}.Debug|Any CPU.ActiveCfg = Debug|Any CPU
		{4B10D3EB-2940-4EED-B351-708052E6C59F}.Debug|Any CPU.Build.0 = Debug|Any CPU
		{4B10D3EB-2940-4EED-B351-708052E6C59F}.Release|Any CPU.ActiveCfg = Release|Any CPU
		{4B10D3EB-2940-4EED-B351-708052E6C59F}.Release|Any CPU.Build.0 = Release|Any CPU
		{64B341DB-DE96-4449-A24F-9358DB03ADF6}.Debug|Any CPU.ActiveCfg = Debug|Any CPU
		{64B341DB-DE96-4449-A24F-9358DB03ADF6}.Debug|Any CPU.Build.0 = Debug|Any CPU
		{64B341DB-DE96-4449-A24F-9358DB03ADF6}.Release|Any CPU.ActiveCfg = Release|Any CPU
		{64B341DB-DE96-4449-A24F-9358DB03ADF6}.Release|Any CPU.Build.0 = Release|Any CPU
		{4E47A6BE-8FC7-4FB2-9B25-B2C76865C42B}.Debug|Any CPU.ActiveCfg = Debug|Any CPU
		{4E47A6BE-8FC7-4FB2-9B25-B2C76865C42B}.Debug|Any CPU.Build.0 = Debug|Any CPU
		{4E47A6BE-8FC7-4FB2-9B25-B2C76865C42B}.Release|Any CPU.ActiveCfg = Release|Any CPU
		{4E47A6BE-8FC7-4FB2-9B25-B2C76865C42B}.Release|Any CPU.Build.0 = Release|Any CPU
		{8771537B-6C89-4FFA-81B6-1FB3704BE93D}.Debug|Any CPU.ActiveCfg = Debug|Any CPU
		{8771537B-6C89-4FFA-81B6-1FB3704BE93D}.Debug|Any CPU.Build.0 = Debug|Any CPU
		{8771537B-6C89-4FFA-81B6-1FB3704BE93D}.Release|Any CPU.ActiveCfg = Release|Any CPU
		{8771537B-6C89-4FFA-81B6-1FB3704BE93D}.Release|Any CPU.Build.0 = Release|Any CPU
	EndGlobalSection
	GlobalSection(SolutionProperties) = preSolution
		HideSolutionNode = FALSE
	EndGlobalSection
	GlobalSection(ExtensibilityGlobals) = postSolution
		SolutionGuid = {D1A1EC01-783A-4419-92DE-9F56FCEC7625}
	EndGlobalSection
EndGlobal
